
Microsoft Visual Studio Solution File, Format Version 12.00
# Visual Studio Version 17
VisualStudioVersion = 17.14.36603.0
MinimumVisualStudioVersion = 10.0.40219.1
Project("{8BC9CEB8-8B4A-11D0-8D11-00A0C91BC942}") = "Lab_08.1.it", "Lab_08.1.it\Lab_08.1.it.vcxproj", "{8AB239DA-8CFD-4274-9E45-E9E8D4626F29}"
EndProject
Project("{8BC9CEB8-8B4A-11D0-8D11-00A0C91BC942}") = "UnitTest81", "UnitTest81\UnitTest81.vcxproj", "{80CECE56-9262-E147-74B4-7987289E7BAE}"
EndProject
Global
	GlobalSection(SolutionConfigurationPlatforms) = preSolution
		Debug|x64 = Debug|x64
		Debug|x86 = Debug|x86
		Release|x64 = Release|x64
		Release|x86 = Release|x86
	EndGlobalSection
	GlobalSection(ProjectConfigurationPlatforms) = postSolution
		{8AB239DA-8CFD-4274-9E45-E9E8D4626F29}.Debug|x64.ActiveCfg = Debug|x64
		{8AB239DA-8CFD-4274-9E45-E9E8D4626F29}.Debug|x64.Build.0 = Debug|x64
		{8AB239DA-8CFD-4274-9E45-E9E8D4626F29}.Debug|x86.ActiveCfg = Debug|Win32
		{8AB239DA-8CFD-4274-9E45-E9E8D4626F29}.Debug|x86.Build.0 = Debug|Win32
		{8AB239DA-8CFD-4274-9E45-E9E8D4626F29}.Release|x64.ActiveCfg = Release|x64
		{8AB239DA-8CFD-4274-9E45-E9E8D4626F29}.Release|x64.Build.0 = Release|x64
		{8AB239DA-8CFD-4274-9E45-E9E8D4626F29}.Release|x86.ActiveCfg = Release|Win32
		{8AB239DA-8CFD-4274-9E45-E9E8D4626F29}.Release|x86.Build.0 = Release|Win32
		{80CECE56-9262-E147-74B4-7987289E7BAE}.Debug|x64.ActiveCfg = Debug|x64
		{80CECE56-9262-E147-74B4-7987289E7BAE}.Debug|x64.Build.0 = Debug|x64
		{80CECE56-9262-E147-74B4-7987289E7BAE}.Debug|x86.ActiveCfg = Debug|Win32
		{80CECE56-9262-E147-74B4-7987289E7BAE}.Debug|x86.Build.0 = Debug|Win32
		{80CECE56-9262-E147-74B4-7987289E7BAE}.Release|x64.ActiveCfg = Release|x64
		{80CECE56-9262-E147-74B4-7987289E7BAE}.Release|x64.Build.0 = Release|x64
		{80CECE56-9262-E147-74B4-7987289E7BAE}.Release|x86.ActiveCfg = Release|Win32
		{80CECE56-9262-E147-74B4-7987289E7BAE}.Release|x86.Build.0 = Release|Win32
	EndGlobalSection
	GlobalSection(SolutionProperties) = preSolution
		HideSolutionNode = FALSE
	EndGlobalSection
	GlobalSection(ExtensibilityGlobals) = postSolution
		SolutionGuid = {8CB0748F-A07F-4402-B98A-1C69CE43D71C}
	EndGlobalSection
EndGlobal
